
Microsoft Visual Studio Solution File, Format Version 12.00
# Visual Studio Version 16
VisualStudioVersion = 16.0.33214.272
MinimumVisualStudioVersion = 10.0.40219.1
Project("{FAE04EC0-301F-11D3-BF4B-00C04F79EFBC}") = "ConsoleApp1", "ConsoleApp1\ConsoleApp1.csproj", "{942BF612-7EFA-48E5-8AE6-77FD5B332262}"
EndProject
Project("{FAE04EC0-301F-11D3-BF4B-00C04F79EFBC}") = "UsingLock", "UsingLock\UsingLock.csproj", "{9BA76B0A-2E8B-4271-B6A0-08D69285DEF1}"
EndProject
Global
	GlobalSection(SolutionConfigurationPlatforms) = preSolution
		Debug|Any CPU = Debug|Any CPU
		Release|Any CPU = Release|Any CPU
	EndGlobalSection
	GlobalSection(ProjectConfigurationPlatforms) = postSolution
		{942BF612-7EFA-48E5-8AE6-77FD5B332262}.Debug|Any CPU.ActiveCfg = Debug|Any CPU
		{942BF612-7EFA-48E5-8AE6-77FD5B332262}.Debug|Any CPU.Build.0 = Debug|Any CPU
		{942BF612-7EFA-48E5-8AE6-77FD5B332262}.Release|Any CPU.ActiveCfg = Release|Any CPU
		{942BF612-7EFA-48E5-8AE6-77FD5B332262}.Release|Any CPU.Build.0 = Release|Any CPU
		{9BA76B0A-2E8B-4271-B6A0-08D69285DEF1}.Debug|Any CPU.ActiveCfg = Debug|Any CPU
		{9BA76B0A-2E8B-4271-B6A0-08D69285DEF1}.Debug|Any CPU.Build.0 = Debug|Any CPU
		{9BA76B0A-2E8B-4271-B6A0-08D69285DEF1}.Release|Any CPU.ActiveCfg = Release|Any CPU
		{9BA76B0A-2E8B-4271-B6A0-08D69285DEF1}.Release|Any CPU.Build.0 = Release|Any CPU
	EndGlobalSection
	GlobalSection(SolutionProperties) = preSolution
		HideSolutionNode = FALSE
	EndGlobalSection
	GlobalSection(ExtensibilityGlobals) = postSolution
		SolutionGuid = {2A89BDC4-E074-4FBF-99E4-E54346966D30}
	EndGlobalSection
EndGlobal
