
Microsoft Visual Studio Solution File, Format Version 12.00
# Visual Studio Version 16
VisualStudioVersion = 16.0.33214.272
MinimumVisualStudioVersion = 10.0.40219.1
Project("{FAE04EC0-301F-11D3-BF4B-00C04F79EFBC}") = "TestEvents", "TestEvents\TestEvents.csproj", "{09A16BA2-AE55-46BA-96B3-C789EA7F9ABB}"
EndProject
Global
	GlobalSection(SolutionConfigurationPlatforms) = preSolution
		Debug|Any CPU = Debug|Any CPU
		Release|Any CPU = Release|Any CPU
	EndGlobalSection
	GlobalSection(ProjectConfigurationPlatforms) = postSolution
		{09A16BA2-AE55-46BA-96B3-C789EA7F9ABB}.Debug|Any CPU.ActiveCfg = Debug|Any CPU
		{09A16BA2-AE55-46BA-96B3-C789EA7F9ABB}.Debug|Any CPU.Build.0 = Debug|Any CPU
		{09A16BA2-AE55-46BA-96B3-C789EA7F9ABB}.Release|Any CPU.ActiveCfg = Release|Any CPU
		{09A16BA2-AE55-46BA-96B3-C789EA7F9ABB}.Release|Any CPU.Build.0 = Release|Any CPU
	EndGlobalSection
	GlobalSection(SolutionProperties) = preSolution
		HideSolutionNode = FALSE
	EndGlobalSection
	GlobalSection(ExtensibilityGlobals) = postSolution
		SolutionGuid = {54869A7D-1ADF-42E3-A631-EC2E23A1636C}
	EndGlobalSection
EndGlobal
